
Microsoft Visual Studio Solution File, Format Version 12.00
# Visual Studio Version 16
VisualStudioVersion = 16.0.31025.194
MinimumVisualStudioVersion = 10.0.40219.1
Project("{9A19103F-16F7-4668-BE54-9A1E7A4F7556}") = "Digital", "Digital\Digital.csproj", "{4890CEFF-4D83-428E-9679-8E9A71F9955C}"
EndProject
Project("{FAE04EC0-301F-11D3-BF4B-00C04F79EFBC}") = "Test", "Test\Test.csproj", "{037E26D3-9B20-4A82-B3EE-EF59DD6B8334}"
EndProject
Global
	GlobalSection(SolutionConfigurationPlatforms) = preSolution
		Debug|Any CPU = Debug|Any CPU
		Release|Any CPU = Release|Any CPU
	EndGlobalSection
	GlobalSection(ProjectConfigurationPlatforms) = postSolution
		{4890CEFF-4D83-428E-9679-8E9A71F9955C}.Debug|Any CPU.ActiveCfg = Debug|Any CPU
		{4890CEFF-4D83-428E-9679-8E9A71F9955C}.Debug|Any CPU.Build.0 = Debug|Any CPU
		{4890CEFF-4D83-428E-9679-8E9A71F9955C}.Release|Any CPU.ActiveCfg = Release|Any CPU
		{4890CEFF-4D83-428E-9679-8E9A71F9955C}.Release|Any CPU.Build.0 = Release|Any CPU
		{037E26D3-9B20-4A82-B3EE-EF59DD6B8334}.Debug|Any CPU.ActiveCfg = Debug|Any CPU
		{037E26D3-9B20-4A82-B3EE-EF59DD6B8334}.Debug|Any CPU.Build.0 = Debug|Any CPU
		{037E26D3-9B20-4A82-B3EE-EF59DD6B8334}.Release|Any CPU.ActiveCfg = Release|Any CPU
		{037E26D3-9B20-4A82-B3EE-EF59DD6B8334}.Release|Any CPU.Build.0 = Release|Any CPU
	EndGlobalSection
	GlobalSection(SolutionProperties) = preSolution
		HideSolutionNode = FALSE
	EndGlobalSection
	GlobalSection(ExtensibilityGlobals) = postSolution
		SolutionGuid = {B522ABC7-C017-4AA3-B717-61FCE85C1018}
	EndGlobalSection
EndGlobal
